
Microsoft Visual Studio Solution File, Format Version 12.00
# Visual Studio 14
VisualStudioVersion = 14.0.25420.1
MinimumVisualStudioVersion = 10.0.40219.1
Project("{FAE04EC0-301F-11D3-BF4B-00C04F79EFBC}") = "T_01", "T_01\T_01.csproj", "{6D03BDC8-39DB-4901-901E-CA443DD5C01E}"
EndProject
Project("{FAE04EC0-301F-11D3-BF4B-00C04F79EFBC}") = "T_02", "..\Tehtävät\T_02\T_02.csproj", "{677F8001-D4B4-4867-988E-C8BBF44D330C}"
EndProject
Project("{FAE04EC0-301F-11D3-BF4B-00C04F79EFBC}") = "T_02.1", "T_02.1\T_02.1.csproj", "{5DE7B55B-B7CC-4226-81DC-8C8207EEDF78}"
EndProject
Project("{FAE04EC0-301F-11D3-BF4B-00C04F79EFBC}") = "T_03", "T3\T_03.csproj", "{10CEAC51-2A13-4A44-A9FD-C8CD2D86BC7F}"
EndProject
Project("{FAE04EC0-301F-11D3-BF4B-00C04F79EFBC}") = "T_04", "T_04\T_04.csproj", "{FA537046-BA91-40E8-888F-5DD665977BE0}"
EndProject
Project("{FAE04EC0-301F-11D3-BF4B-00C04F79EFBC}") = "T_05", "T_05\T_05.csproj", "{E672AC32-4553-4AA6-8316-81580050BC03}"
EndProject
Project("{FAE04EC0-301F-11D3-BF4B-00C04F79EFBC}") = "T_06", "T_06\T_06.csproj", "{EB3AC871-F547-4998-883B-4D10AA3102F8}"
EndProject
Project("{FAE04EC0-301F-11D3-BF4B-00C04F79EFBC}") = "T_09", "T_09\T_09.csproj", "{741C2180-B198-4566-B057-C26655FC6662}"
EndProject
Project("{FAE04EC0-301F-11D3-BF4B-00C04F79EFBC}") = "T_10", "T_10\T_10.csproj", "{1951BD93-2C84-47DB-8644-A6CF9E17A691}"
EndProject
Project("{FAE04EC0-301F-11D3-BF4B-00C04F79EFBC}") = "T_08", "T_08\T_08.csproj", "{EEF77635-5468-45ED-82E7-F735F1160DCD}"
EndProject
Project("{FAE04EC0-301F-11D3-BF4B-00C04F79EFBC}") = "T_07", "T_07\T_07.csproj", "{21925DE3-E442-4EB8-A086-8E314D94A5D9}"
EndProject
Global
	GlobalSection(SolutionConfigurationPlatforms) = preSolution
		Debug|Any CPU = Debug|Any CPU
		Release|Any CPU = Release|Any CPU
	EndGlobalSection
	GlobalSection(ProjectConfigurationPlatforms) = postSolution
		{6D03BDC8-39DB-4901-901E-CA443DD5C01E}.Debug|Any CPU.ActiveCfg = Debug|Any CPU
		{6D03BDC8-39DB-4901-901E-CA443DD5C01E}.Debug|Any CPU.Build.0 = Debug|Any CPU
		{6D03BDC8-39DB-4901-901E-CA443DD5C01E}.Release|Any CPU.ActiveCfg = Release|Any CPU
		{6D03BDC8-39DB-4901-901E-CA443DD5C01E}.Release|Any CPU.Build.0 = Release|Any CPU
		{677F8001-D4B4-4867-988E-C8BBF44D330C}.Debug|Any CPU.ActiveCfg = Debug|Any CPU
		{677F8001-D4B4-4867-988E-C8BBF44D330C}.Debug|Any CPU.Build.0 = Debug|Any CPU
		{677F8001-D4B4-4867-988E-C8BBF44D330C}.Release|Any CPU.ActiveCfg = Release|Any CPU
		{677F8001-D4B4-4867-988E-C8BBF44D330C}.Release|Any CPU.Build.0 = Release|Any CPU
		{5DE7B55B-B7CC-4226-81DC-8C8207EEDF78}.Debug|Any CPU.ActiveCfg = Debug|Any CPU
		{5DE7B55B-B7CC-4226-81DC-8C8207EEDF78}.Debug|Any CPU.Build.0 = Debug|Any CPU
		{5DE7B55B-B7CC-4226-81DC-8C8207EEDF78}.Release|Any CPU.ActiveCfg = Release|Any CPU
		{5DE7B55B-B7CC-4226-81DC-8C8207EEDF78}.Release|Any CPU.Build.0 = Release|Any CPU
		{10CEAC51-2A13-4A44-A9FD-C8CD2D86BC7F}.Debug|Any CPU.ActiveCfg = Debug|Any CPU
		{10CEAC51-2A13-4A44-A9FD-C8CD2D86BC7F}.Debug|Any CPU.Build.0 = Debug|Any CPU
		{10CEAC51-2A13-4A44-A9FD-C8CD2D86BC7F}.Release|Any CPU.ActiveCfg = Release|Any CPU
		{10CEAC51-2A13-4A44-A9FD-C8CD2D86BC7F}.Release|Any CPU.Build.0 = Release|Any CPU
		{FA537046-BA91-40E8-888F-5DD665977BE0}.Debug|Any CPU.ActiveCfg = Debug|Any CPU
		{FA537046-BA91-40E8-888F-5DD665977BE0}.Debug|Any CPU.Build.0 = Debug|Any CPU
		{FA537046-BA91-40E8-888F-5DD665977BE0}.Release|Any CPU.ActiveCfg = Release|Any CPU
		{FA537046-BA91-40E8-888F-5DD665977BE0}.Release|Any CPU.Build.0 = Release|Any CPU
		{E672AC32-4553-4AA6-8316-81580050BC03}.Debug|Any CPU.ActiveCfg = Debug|Any CPU
		{E672AC32-4553-4AA6-8316-81580050BC03}.Debug|Any CPU.Build.0 = Debug|Any CPU
		{E672AC32-4553-4AA6-8316-81580050BC03}.Release|Any CPU.ActiveCfg = Release|Any CPU
		{E672AC32-4553-4AA6-8316-81580050BC03}.Release|Any CPU.Build.0 = Release|Any CPU
		{EB3AC871-F547-4998-883B-4D10AA3102F8}.Debug|Any CPU.ActiveCfg = Debug|Any CPU
		{EB3AC871-F547-4998-883B-4D10AA3102F8}.Debug|Any CPU.Build.0 = Debug|Any CPU
		{EB3AC871-F547-4998-883B-4D10AA3102F8}.Release|Any CPU.ActiveCfg = Release|Any CPU
		{EB3AC871-F547-4998-883B-4D10AA3102F8}.Release|Any CPU.Build.0 = Release|Any CPU
		{741C2180-B198-4566-B057-C26655FC6662}.Debug|Any CPU.ActiveCfg = Debug|Any CPU
		{741C2180-B198-4566-B057-C26655FC6662}.Debug|Any CPU.Build.0 = Debug|Any CPU
		{741C2180-B198-4566-B057-C26655FC6662}.Release|Any CPU.ActiveCfg = Release|Any CPU
		{741C2180-B198-4566-B057-C26655FC6662}.Release|Any CPU.Build.0 = Release|Any CPU
		{1951BD93-2C84-47DB-8644-A6CF9E17A691}.Debug|Any CPU.ActiveCfg = Debug|Any CPU
		{1951BD93-2C84-47DB-8644-A6CF9E17A691}.Debug|Any CPU.Build.0 = Debug|Any CPU
		{1951BD93-2C84-47DB-8644-A6CF9E17A691}.Release|Any CPU.ActiveCfg = Release|Any CPU
		{1951BD93-2C84-47DB-8644-A6CF9E17A691}.Release|Any CPU.Build.0 = Release|Any CPU
		{EEF77635-5468-45ED-82E7-F735F1160DCD}.Debug|Any CPU.ActiveCfg = Debug|Any CPU
		{EEF77635-5468-45ED-82E7-F735F1160DCD}.Debug|Any CPU.Build.0 = Debug|Any CPU
		{EEF77635-5468-45ED-82E7-F735F1160DCD}.Release|Any CPU.ActiveCfg = Release|Any CPU
		{EEF77635-5468-45ED-82E7-F735F1160DCD}.Release|Any CPU.Build.0 = Release|Any CPU
		{21925DE3-E442-4EB8-A086-8E314D94A5D9}.Debug|Any CPU.ActiveCfg = Debug|Any CPU
		{21925DE3-E442-4EB8-A086-8E314D94A5D9}.Debug|Any CPU.Build.0 = Debug|Any CPU
		{21925DE3-E442-4EB8-A086-8E314D94A5D9}.Release|Any CPU.ActiveCfg = Release|Any CPU
		{21925DE3-E442-4EB8-A086-8E314D94A5D9}.Release|Any CPU.Build.0 = Release|Any CPU
	EndGlobalSection
	GlobalSection(SolutionProperties) = preSolution
		HideSolutionNode = FALSE
	EndGlobalSection
EndGlobal
