
Microsoft Visual Studio Solution File, Format Version 12.00
# Visual Studio 14
VisualStudioVersion = 14.0.25420.1
MinimumVisualStudioVersion = 10.0.40219.1
Project("{FAE04EC0-301F-11D3-BF4B-00C04F79EFBC}") = "T_01", "T_01\T_01.csproj", "{1A3064E5-2406-4F36-BD90-022AB0D80B76}"
EndProject
Project("{FAE04EC0-301F-11D3-BF4B-00C04F79EFBC}") = "T_02", "T_02\T_02.csproj", "{C755DC00-9C06-410A-8CAD-CA553EA93701}"
EndProject
Project("{FAE04EC0-301F-11D3-BF4B-00C04F79EFBC}") = "T_03", "T_03\T_03.csproj", "{F68A6293-925E-4DAF-B743-344952DAAF66}"
EndProject
Global
	GlobalSection(SolutionConfigurationPlatforms) = preSolution
		Debug|Any CPU = Debug|Any CPU
		Release|Any CPU = Release|Any CPU
	EndGlobalSection
	GlobalSection(ProjectConfigurationPlatforms) = postSolution
		{1A3064E5-2406-4F36-BD90-022AB0D80B76}.Debug|Any CPU.ActiveCfg = Debug|Any CPU
		{1A3064E5-2406-4F36-BD90-022AB0D80B76}.Debug|Any CPU.Build.0 = Debug|Any CPU
		{1A3064E5-2406-4F36-BD90-022AB0D80B76}.Release|Any CPU.ActiveCfg = Release|Any CPU
		{1A3064E5-2406-4F36-BD90-022AB0D80B76}.Release|Any CPU.Build.0 = Release|Any CPU
		{C755DC00-9C06-410A-8CAD-CA553EA93701}.Debug|Any CPU.ActiveCfg = Debug|Any CPU
		{C755DC00-9C06-410A-8CAD-CA553EA93701}.Debug|Any CPU.Build.0 = Debug|Any CPU
		{C755DC00-9C06-410A-8CAD-CA553EA93701}.Release|Any CPU.ActiveCfg = Release|Any CPU
		{C755DC00-9C06-410A-8CAD-CA553EA93701}.Release|Any CPU.Build.0 = Release|Any CPU
		{F68A6293-925E-4DAF-B743-344952DAAF66}.Debug|Any CPU.ActiveCfg = Debug|Any CPU
		{F68A6293-925E-4DAF-B743-344952DAAF66}.Debug|Any CPU.Build.0 = Debug|Any CPU
		{F68A6293-925E-4DAF-B743-344952DAAF66}.Release|Any CPU.ActiveCfg = Release|Any CPU
		{F68A6293-925E-4DAF-B743-344952DAAF66}.Release|Any CPU.Build.0 = Release|Any CPU
	EndGlobalSection
	GlobalSection(SolutionProperties) = preSolution
		HideSolutionNode = FALSE
	EndGlobalSection
EndGlobal
